{
  "requires": true,
  "lockfileVersion": 1,
  "dependencies": {
    "@popperjs/core": {
      "version": "2.11.8",
      "resolved": "https://registry.npmjs.org/@popperjs/core/-/core-2.11.8.tgz",
      "integrity": "sha512-P1st0aksCrn9sGZhp8GMYwBnQsbvAWsZAX44oXNNvLHGqAOcoVxmjZiohstwQ7SqKnbR47akdNi+uleWD8+g6A==",
      "dev": true
    },
    "@types/bootstrap": {
      "version": "5.2.10",
      "resolved": "https://registry.npmjs.org/@types/bootstrap/-/bootstrap-5.2.10.tgz",
      "integrity": "sha512-F2X+cd6551tep0MvVZ6nM8v7XgGN/twpdNDjqS1TUM7YFNEtQYWk+dKAnH+T1gr6QgCoGMPl487xw/9hXooa2g==",
      "dev": true,
      "requires": {
        "@popperjs/core": "^2.9.2"
      }
    },
    "@types/get-size": {
      "version": "3.0.2",
      "resolved": "https://registry.npmjs.org/@types/get-size/-/get-size-3.0.2.tgz",
      "integrity": "sha512-kNrPlxqf3JXy73lE6iDdLDv/jx/Gn+MXxHmOYe7I6T/vsVuN2vLSzIBaorFRfFdmefM31R5xyn+1j5pCW1IuTA==",
      "dev": true
    },
    "@types/jquery": {
      "version": "3.5.29",
      "resolved": "https://registry.npmjs.org/@types/jquery/-/jquery-3.5.29.tgz",
      "integrity": "sha512-oXQQC9X9MOPRrMhPHHOsXqeQDnWeCDT3PelUIg/Oy8FAbzSZtFHRjc7IpbfFVmpLtJ+UOoywpRsuO5Jxjybyeg==",
      "dev": true,
      "requires": {
        "@types/sizzle": "*"
      }
    },
    "@types/jquery-mousewheel": {
      "version": "3.1.12",
      "resolved": "https://registry.npmjs.org/@types/jquery-mousewheel/-/jquery-mousewheel-3.1.12.tgz",
      "integrity": "sha512-8YobQo2FmRM+cDVJtXsAs+X8aT61jd5FkWV9ORk3Q3Y8SuTaibaRlHhRzMD6k6pmc7Bq4hwDsbeG7luiOxnFqg==",
      "dev": true,
      "requires": {
        "@types/jquery": "*"
      }
    },
    "@types/masonry-layout": {
      "version": "4.2.7",
      "resolved": "https://registry.npmjs.org/@types/masonry-layout/-/masonry-layout-4.2.7.tgz",
      "integrity": "sha512-lWWCH+6/gWAtXjyLH8dIe9WEcw8Zt/Ud8U6pwOZk5sZZssA/VvqVD55dxjpfWxcI/PRYp6XuQktqiv6r02Qa/g==",
      "dev": true,
      "requires": {
        "@types/jquery": "*"
      }
    },
    "@types/sizzle": {
      "version": "2.3.8",
      "resolved": "https://registry.npmjs.org/@types/sizzle/-/sizzle-2.3.8.tgz",
      "integrity": "sha512-0vWLNK2D5MT9dg0iOo8GlKguPAU02QjmZitPEsXRuJXU/OGIOt9vT9Fc26wtYuavLxtO45v9PGleoL9Z0k1LHg==",
      "dev": true
    },
    "types-registry": {
      "version": "0.1.674",
      "resolved": "https://registry.npmjs.org/types-registry/-/types-registry-0.1.674.tgz",
      "integrity": "sha512-Jz3WFc7M4W265OERqiSjaVdXEyJEQnAKSih+ABlo78iL+UVSST1AETg4G3Nf7BVjFEgxVHFKwlUtOOvzX2/C8g=="
    }
  }
}
